// !$*UTF8*$!
{
	archiveVersion = 1;
	classes = {
	};
	objectVersion = 46;
	objects = {

/* Begin PBXBuildFile section */
		82B611571F5347740088AC6B /* AppDelegate.swift in Sources */ = {isa = PBXBuildFile; fileRef = 82B611561F5347740088AC6B /* AppDelegate.swift */; };
		82B611591F5347740088AC6B /* ViewController.swift in Sources */ = {isa = PBXBuildFile; fileRef = 82B611581F5347740088AC6B /* ViewController.swift */; };
		82B6115C1F5347740088AC6B /* Main.storyboard in Resources */ = {isa = PBXBuildFile; fileRef = 82B6115A1F5347740088AC6B /* Main.storyboard */; };
		82B6115E1F5347740088AC6B /* Assets.xcassets in Resources */ = {isa = PBXBuildFile; fileRef = 82B6115D1F5347740088AC6B /* Assets.xcassets */; };
		82B611611F5347740088AC6B /* LaunchScreen.storyboard in Resources */ = {isa = PBXBuildFile; fileRef = 82B6115F1F5347740088AC6B /* LaunchScreen.storyboard */; };
		82B6116C1F5347740088AC6B /* XPlaneMapTests.swift in Sources */ = {isa = PBXBuildFile; fileRef = 82B6116B1F5347740088AC6B /* XPlaneMapTests.swift */; };
		82B611771F534DE60088AC6B /* XPlaneListener.swift in Sources */ = {isa = PBXBuildFile; fileRef = 82B611761F534DE60088AC6B /* XPlaneListener.swift */; };
		82B611791F540F880088AC6B /* BoradcastUDPSocket.swift in Sources */ = {isa = PBXBuildFile; fileRef = 82B611781F540F880088AC6B /* BoradcastUDPSocket.swift */; };
		82B6117F1F542FFE0088AC6B /* XGPS.swift in Sources */ = {isa = PBXBuildFile; fileRef = 82B6117E1F542FFE0088AC6B /* XGPS.swift */; };
		82B611811F5430130088AC6B /* XPlaneMessage.swift in Sources */ = {isa = PBXBuildFile; fileRef = 82B611801F5430130088AC6B /* XPlaneMessage.swift */; };
		82B611841F54304A0088AC6B /* StringExtensions.swift in Sources */ = {isa = PBXBuildFile; fileRef = 82B611831F54304A0088AC6B /* StringExtensions.swift */; };
		82B611861F5431850088AC6B /* Logger.swift in Sources */ = {isa = PBXBuildFile; fileRef = 82B611851F5431850088AC6B /* Logger.swift */; };
/* End PBXBuildFile section */

/* Begin PBXContainerItemProxy section */
		82B611681F5347740088AC6B /* PBXContainerItemProxy */ = {
			isa = PBXContainerItemProxy;
			containerPortal = 82B6114B1F5347730088AC6B /* Project object */;
			proxyType = 1;
			remoteGlobalIDString = 82B611521F5347730088AC6B;
			remoteInfo = XPlaneMap;
		};
/* End PBXContainerItemProxy section */

/* Begin PBXFileReference section */
		82B611531F5347740088AC6B /* XPlaneMap.app */ = {isa = PBXFileReference; explicitFileType = wrapper.application; includeInIndex = 0; path = XPlaneMap.app; sourceTree = BUILT_PRODUCTS_DIR; };
		82B611561F5347740088AC6B /* AppDelegate.swift */ = {isa = PBXFileReference; lastKnownFileType = sourcecode.swift; path = AppDelegate.swift; sourceTree = "<group>"; };
		82B611581F5347740088AC6B /* ViewController.swift */ = {isa = PBXFileReference; lastKnownFileType = sourcecode.swift; path = ViewController.swift; sourceTree = "<group>"; };
		82B6115B1F5347740088AC6B /* Base */ = {isa = PBXFileReference; lastKnownFileType = file.storyboard; name = Base; path = Base.lproj/Main.storyboard; sourceTree = "<group>"; };
		82B6115D1F5347740088AC6B /* Assets.xcassets */ = {isa = PBXFileReference; lastKnownFileType = folder.assetcatalog; path = Assets.xcassets; sourceTree = "<group>"; };
		82B611601F5347740088AC6B /* Base */ = {isa = PBXFileReference; lastKnownFileType = file.storyboard; name = Base; path = Base.lproj/LaunchScreen.storyboard; sourceTree = "<group>"; };
		82B611621F5347740088AC6B /* Info.plist */ = {isa = PBXFileReference; lastKnownFileType = text.plist.xml; path = Info.plist; sourceTree = "<group>"; };
		82B611671F5347740088AC6B /* XPlaneMapTests.xctest */ = {isa = PBXFileReference; explicitFileType = wrapper.cfbundle; includeInIndex = 0; path = XPlaneMapTests.xctest; sourceTree = BUILT_PRODUCTS_DIR; };
		82B6116B1F5347740088AC6B /* XPlaneMapTests.swift */ = {isa = PBXFileReference; lastKnownFileType = sourcecode.swift; path = XPlaneMapTests.swift; sourceTree = "<group>"; };
		82B6116D1F5347740088AC6B /* Info.plist */ = {isa = PBXFileReference; lastKnownFileType = text.plist.xml; path = Info.plist; sourceTree = "<group>"; };
		82B611761F534DE60088AC6B /* XPlaneListener.swift */ = {isa = PBXFileReference; fileEncoding = 4; lastKnownFileType = sourcecode.swift; path = XPlaneListener.swift; sourceTree = "<group>"; };
		82B611781F540F880088AC6B /* BoradcastUDPSocket.swift */ = {isa = PBXFileReference; fileEncoding = 4; lastKnownFileType = sourcecode.swift; path = BoradcastUDPSocket.swift; sourceTree = "<group>"; };
		82B6117E1F542FFE0088AC6B /* XGPS.swift */ = {isa = PBXFileReference; fileEncoding = 4; lastKnownFileType = sourcecode.swift; path = XGPS.swift; sourceTree = "<group>"; };
		82B611801F5430130088AC6B /* XPlaneMessage.swift */ = {isa = PBXFileReference; fileEncoding = 4; lastKnownFileType = sourcecode.swift; path = XPlaneMessage.swift; sourceTree = "<group>"; };
		82B611831F54304A0088AC6B /* StringExtensions.swift */ = {isa = PBXFileReference; fileEncoding = 4; lastKnownFileType = sourcecode.swift; path = StringExtensions.swift; sourceTree = "<group>"; };
		82B611851F5431850088AC6B /* Logger.swift */ = {isa = PBXFileReference; fileEncoding = 4; lastKnownFileType = sourcecode.swift; path = Logger.swift; sourceTree = "<group>"; };
/* End PBXFileReference section */

/* Begin PBXFrameworksBuildPhase section */
		82B611501F5347730088AC6B /* Frameworks */ = {
			isa = PBXFrameworksBuildPhase;
			buildActionMask = 2147483647;
			files = (
			);
			runOnlyForDeploymentPostprocessing = 0;
		};
		82B611641F5347740088AC6B /* Frameworks */ = {
			isa = PBXFrameworksBuildPhase;
			buildActionMask = 2147483647;
			files = (
			);
			runOnlyForDeploymentPostprocessing = 0;
		};
/* End PBXFrameworksBuildPhase section */

/* Begin PBXGroup section */
		82B6114A1F5347730088AC6B = {
			isa = PBXGroup;
			children = (
				82B611551F5347740088AC6B /* XPlaneMap */,
				82B6116A1F5347740088AC6B /* XPlaneMapTests */,
				82B611541F5347740088AC6B /* Products */,
			);
			sourceTree = "<group>";
		};
		82B611541F5347740088AC6B /* Products */ = {
			isa = PBXGroup;
			children = (
				82B611531F5347740088AC6B /* XPlaneMap.app */,
				82B611671F5347740088AC6B /* XPlaneMapTests.xctest */,
			);
			name = Products;
			sourceTree = "<group>";
		};
		82B611551F5347740088AC6B /* XPlaneMap */ = {
			isa = PBXGroup;
			children = (
				82B6117D1F542FF20088AC6B /* Utils */,
				82B6117C1F542FEA0088AC6B /* XPlane */,
				82B611561F5347740088AC6B /* AppDelegate.swift */,
				82B611581F5347740088AC6B /* ViewController.swift */,
				82B6115A1F5347740088AC6B /* Main.storyboard */,
				82B6115D1F5347740088AC6B /* Assets.xcassets */,
				82B6115F1F5347740088AC6B /* LaunchScreen.storyboard */,
				82B611621F5347740088AC6B /* Info.plist */,
			);
			path = XPlaneMap;
			sourceTree = "<group>";
		};
		82B6116A1F5347740088AC6B /* XPlaneMapTests */ = {
			isa = PBXGroup;
			children = (
				82B6116B1F5347740088AC6B /* XPlaneMapTests.swift */,
				82B6116D1F5347740088AC6B /* Info.plist */,
			);
			path = XPlaneMapTests;
			sourceTree = "<group>";
		};
		82B6117C1F542FEA0088AC6B /* XPlane */ = {
			isa = PBXGroup;
			children = (
				82B611821F54301D0088AC6B /* Messages */,
				82B611761F534DE60088AC6B /* XPlaneListener.swift */,
			);
			name = XPlane;
			sourceTree = "<group>";
		};
		82B6117D1F542FF20088AC6B /* Utils */ = {
			isa = PBXGroup;
			children = (
				82B611781F540F880088AC6B /* BoradcastUDPSocket.swift */,
				82B611831F54304A0088AC6B /* StringExtensions.swift */,
				82B611851F5431850088AC6B /* Logger.swift */,
			);
			name = Utils;
			sourceTree = "<group>";
		};
		82B611821F54301D0088AC6B /* Messages */ = {
			isa = PBXGroup;
			children = (
				82B611801F5430130088AC6B /* XPlaneMessage.swift */,
				82B6117E1F542FFE0088AC6B /* XGPS.swift */,
			);
			name = Messages;
			sourceTree = "<group>";
		};
/* End PBXGroup section */

/* Begin PBXNativeTarget section */
		82B611521F5347730088AC6B /* XPlaneMap */ = {
			isa = PBXNativeTarget;
			buildConfigurationList = 82B611701F5347740088AC6B /* Build configuration list for PBXNativeTarget "XPlaneMap" */;
			buildPhases = (
				82B6114F1F5347730088AC6B /* Sources */,
				82B611501F5347730088AC6B /* Frameworks */,
				82B611511F5347730088AC6B /* Resources */,
			);
			buildRules = (
			);
			dependencies = (
			);
			name = XPlaneMap;
			productName = XPlaneMap;
			productReference = 82B611531F5347740088AC6B /* XPlaneMap.app */;
			productType = "com.apple.product-type.application";
		};
		82B611661F5347740088AC6B /* XPlaneMapTests */ = {
			isa = PBXNativeTarget;
			buildConfigurationList = 82B611731F5347740088AC6B /* Build configuration list for PBXNativeTarget "XPlaneMapTests" */;
			buildPhases = (
				82B611631F5347740088AC6B /* Sources */,
				82B611641F5347740088AC6B /* Frameworks */,
				82B611651F5347740088AC6B /* Resources */,
			);
			buildRules = (
			);
			dependencies = (
				82B611691F5347740088AC6B /* PBXTargetDependency */,
			);
			name = XPlaneMapTests;
			productName = XPlaneMapTests;
			productReference = 82B611671F5347740088AC6B /* XPlaneMapTests.xctest */;
			productType = "com.apple.product-type.bundle.unit-test";
		};
/* End PBXNativeTarget section */

/* Begin PBXProject section */
		82B6114B1F5347730088AC6B /* Project object */ = {
			isa = PBXProject;
			attributes = {
				LastSwiftUpdateCheck = 0830;
				LastUpgradeCheck = 0830;
				ORGANIZATIONNAME = "Philippe Bernery";
				TargetAttributes = {
					82B611521F5347730088AC6B = {
						CreatedOnToolsVersion = 8.3.3;
						DevelopmentTeam = 72JD824VW8;
						ProvisioningStyle = Automatic;
					};
					82B611661F5347740088AC6B = {
						CreatedOnToolsVersion = 8.3.3;
						DevelopmentTeam = 72JD824VW8;
						ProvisioningStyle = Automatic;
						TestTargetID = 82B611521F5347730088AC6B;
					};
				};
			};
			buildConfigurationList = 82B6114E1F5347730088AC6B /* Build configuration list for PBXProject "XPlaneMap" */;
			compatibilityVersion = "Xcode 3.2";
			developmentRegion = English;
			hasScannedForEncodings = 0;
			knownRegions = (
				en,
				Base,
			);
			mainGroup = 82B6114A1F5347730088AC6B;
			productRefGroup = 82B611541F5347740088AC6B /* Products */;
			projectDirPath = "";
			projectRoot = "";
			targets = (
				82B611521F5347730088AC6B /* XPlaneMap */,
				82B611661F5347740088AC6B /* XPlaneMapTests */,
			);
		};
/* End PBXProject section */

/* Begin PBXResourcesBuildPhase section */
		82B611511F5347730088AC6B /* Resources */ = {
			isa = PBXResourcesBuildPhase;
			buildActionMask = 2147483647;
			files = (
				82B611611F5347740088AC6B /* LaunchScreen.storyboard in Resources */,
				82B6115E1F5347740088AC6B /* Assets.xcassets in Resources */,
				82B6115C1F5347740088AC6B /* Main.storyboard in Resources */,
			);
			runOnlyForDeploymentPostprocessing = 0;
		};
		82B611651F5347740088AC6B /* Resources */ = {
			isa = PBXResourcesBuildPhase;
			buildActionMask = 2147483647;
			files = (
			);
			runOnlyForDeploymentPostprocessing = 0;
		};
/* End PBXResourcesBuildPhase section */

/* Begin PBXSourcesBuildPhase section */
		82B6114F1F5347730088AC6B /* Sources */ = {
			isa = PBXSourcesBuildPhase;
			buildActionMask = 2147483647;
			files = (
				82B611841F54304A0088AC6B /* StringExtensions.swift in Sources */,
				82B611791F540F880088AC6B /* BoradcastUDPSocket.swift in Sources */,
				82B611591F5347740088AC6B /* ViewController.swift in Sources */,
				82B611861F5431850088AC6B /* Logger.swift in Sources */,
				82B6117F1F542FFE0088AC6B /* XGPS.swift in Sources */,
				82B611771F534DE60088AC6B /* XPlaneListener.swift in Sources */,
				82B611811F5430130088AC6B /* XPlaneMessage.swift in Sources */,
				82B611571F5347740088AC6B /* AppDelegate.swift in Sources */,
			);
			runOnlyForDeploymentPostprocessing = 0;
		};
		82B611631F5347740088AC6B /* Sources */ = {
			isa = PBXSourcesBuildPhase;
			buildActionMask = 2147483647;
			files = (
				82B6116C1F5347740088AC6B /* XPlaneMapTests.swift in Sources */,
			);
			runOnlyForDeploymentPostprocessing = 0;
		};
/* End PBXSourcesBuildPhase section */

/* Begin PBXTargetDependency section */
		82B611691F5347740088AC6B /* PBXTargetDependency */ = {
			isa = PBXTargetDependency;
			target = 82B611521F5347730088AC6B /* XPlaneMap */;
			targetProxy = 82B611681F5347740088AC6B /* PBXContainerItemProxy */;
		};
/* End PBXTargetDependency section */

/* Begin PBXVariantGroup section */
		82B6115A1F5347740088AC6B /* Main.storyboard */ = {
			isa = PBXVariantGroup;
			children = (
				82B6115B1F5347740088AC6B /* Base */,
			);
			name = Main.storyboard;
			sourceTree = "<group>";
		};
		82B6115F1F5347740088AC6B /* LaunchScreen.storyboard */ = {
			isa = PBXVariantGroup;
			children = (
				82B611601F5347740088AC6B /* Base */,
			);
			name = LaunchScreen.storyboard;
			sourceTree = "<group>";
		};
/* End PBXVariantGroup section */

/* Begin XCBuildConfiguration section */
		82B6116E1F5347740088AC6B /* Debug */ = {
			isa = XCBuildConfiguration;
			buildSettings = {
				ALWAYS_SEARCH_USER_PATHS = NO;
				CLANG_ANALYZER_NONNULL = YES;
				CLANG_ANALYZER_NUMBER_OBJECT_CONVERSION = YES_AGGRESSIVE;
				CLANG_CXX_LANGUAGE_STANDARD = "gnu++0x";
				CLANG_CXX_LIBRARY = "libc++";
				CLANG_ENABLE_MODULES = YES;
				CLANG_ENABLE_OBJC_ARC = YES;
				CLANG_WARN_BOOL_CONVERSION = YES;
				CLANG_WARN_CONSTANT_CONVERSION = YES;
				CLANG_WARN_DIRECT_OBJC_ISA_USAGE = YES_ERROR;
				CLANG_WARN_DOCUMENTATION_COMMENTS = YES;
				CLANG_WARN_EMPTY_BODY = YES;
				CLANG_WARN_ENUM_CONVERSION = YES;
				CLANG_WARN_INFINITE_RECURSION = YES;
				CLANG_WARN_INT_CONVERSION = YES;
				CLANG_WARN_OBJC_ROOT_CLASS = YES_ERROR;
				CLANG_WARN_SUSPICIOUS_MOVE = YES;
				CLANG_WARN_UNREACHABLE_CODE = YES;
				CLANG_WARN__DUPLICATE_METHOD_MATCH = YES;
				"CODE_SIGN_IDENTITY[sdk=iphoneos*]" = "iPhone Developer";
				COPY_PHASE_STRIP = NO;
				DEBUG_INFORMATION_FORMAT = dwarf;
				ENABLE_STRICT_OBJC_MSGSEND = YES;
				ENABLE_TESTABILITY = YES;
				GCC_C_LANGUAGE_STANDARD = gnu99;
				GCC_DYNAMIC_NO_PIC = NO;
				GCC_NO_COMMON_BLOCKS = YES;
				GCC_OPTIMIZATION_LEVEL = 0;
				GCC_PREPROCESSOR_DEFINITIONS = (
					"DEBUG=1",
					"$(inherited)",
				);
				GCC_WARN_64_TO_32_BIT_CONVERSION = YES;
				GCC_WARN_ABOUT_RETURN_TYPE = YES_ERROR;
				GCC_WARN_UNDECLARED_SELECTOR = YES;
				GCC_WARN_UNINITIALIZED_AUTOS = YES_AGGRESSIVE;
				GCC_WARN_UNUSED_FUNCTION = YES;
				GCC_WARN_UNUSED_VARIABLE = YES;
				IPHONEOS_DEPLOYMENT_TARGET = 10.3;
				MTL_ENABLE_DEBUG_INFO = YES;
				ONLY_ACTIVE_ARCH = YES;
				SDKROOT = iphoneos;
				SWIFT_ACTIVE_COMPILATION_CONDITIONS = DEBUG;
				SWIFT_OPTIMIZATION_LEVEL = "-Onone";
				TARGETED_DEVICE_FAMILY = "1,2";
			};
			name = Debug;
		};
		82B6116F1F5347740088AC6B /* Release */ = {
			isa = XCBuildConfiguration;
			buildSettings = {
				ALWAYS_SEARCH_USER_PATHS = NO;
				CLANG_ANALYZER_NONNULL = YES;
				CLANG_ANALYZER_NUMBER_OBJECT_CONVERSION = YES_AGGRESSIVE;
				CLANG_CXX_LANGUAGE_STANDARD = "gnu++0x";
				CLANG_CXX_LIBRARY = "libc++";
				CLANG_ENABLE_MODULES = YES;
				CLANG_ENABLE_OBJC_ARC = YES;
				CLANG_WARN_BOOL_CONVERSION = YES;
				CLANG_WARN_CONSTANT_CONVERSION = YES;
				CLANG_WARN_DIRECT_OBJC_ISA_USAGE = YES_ERROR;
				CLANG_WARN_DOCUMENTATION_COMMENTS = YES;
				CLANG_WARN_EMPTY_BODY = YES;
				CLANG_WARN_ENUM_CONVERSION = YES;
				CLANG_WARN_INFINITE_RECURSION = YES;
				CLANG_WARN_INT_CONVERSION = YES;
				CLANG_WARN_OBJC_ROOT_CLASS = YES_ERROR;
				CLANG_WARN_SUSPICIOUS_MOVE = YES;
				CLANG_WARN_UNREACHABLE_CODE = YES;
				CLANG_WARN__DUPLICATE_METHOD_MATCH = YES;
				"CODE_SIGN_IDENTITY[sdk=iphoneos*]" = "iPhone Developer";
				COPY_PHASE_STRIP = NO;
				DEBUG_INFORMATION_FORMAT = "dwarf-with-dsym";
				ENABLE_NS_ASSERTIONS = NO;
				ENABLE_STRICT_OBJC_MSGSEND = YES;
				GCC_C_LANGUAGE_STANDARD = gnu99;
				GCC_NO_COMMON_BLOCKS = YES;
				GCC_WARN_64_TO_32_BIT_CONVERSION = YES;
				GCC_WARN_ABOUT_RETURN_TYPE = YES_ERROR;
				GCC_WARN_UNDECLARED_SELECTOR = YES;
				GCC_WARN_UNINITIALIZED_AUTOS = YES_AGGRESSIVE;
				GCC_WARN_UNUSED_FUNCTION = YES;
				GCC_WARN_UNUSED_VARIABLE = YES;
				IPHONEOS_DEPLOYMENT_TARGET = 10.3;
				MTL_ENABLE_DEBUG_INFO = NO;
				SDKROOT = iphoneos;
				SWIFT_OPTIMIZATION_LEVEL = "-Owholemodule";
				TARGETED_DEVICE_FAMILY = "1,2";
				VALIDATE_PRODUCT = YES;
			};
			name = Release;
		};
		82B611711F5347740088AC6B /* Debug */ = {
			isa = XCBuildConfiguration;
			buildSettings = {
				ASSETCATALOG_COMPILER_APPICON_NAME = AppIcon;
				DEVELOPMENT_TEAM = 72JD824VW8;
				INFOPLIST_FILE = XPlaneMap/Info.plist;
				LD_RUNPATH_SEARCH_PATHS = "$(inherited) @executable_path/Frameworks";
				PRODUCT_BUNDLE_IDENTIFIER = fr.bernery.XPlaneMap;
				PRODUCT_NAME = "$(TARGET_NAME)";
				SWIFT_VERSION = 3.0;
			};
			name = Debug;
		};
		82B611721F5347740088AC6B /* Release */ = {
			isa = XCBuildConfiguration;
			buildSettings = {
				ASSETCATALOG_COMPILER_APPICON_NAME = AppIcon;
				DEVELOPMENT_TEAM = 72JD824VW8;
				INFOPLIST_FILE = XPlaneMap/Info.plist;
				LD_RUNPATH_SEARCH_PATHS = "$(inherited) @executable_path/Frameworks";
				PRODUCT_BUNDLE_IDENTIFIER = fr.bernery.XPlaneMap;
				PRODUCT_NAME = "$(TARGET_NAME)";
				SWIFT_VERSION = 3.0;
			};
			name = Release;
		};
		82B611741F5347740088AC6B /* Debug */ = {
			isa = XCBuildConfiguration;
			buildSettings = {
				ALWAYS_EMBED_SWIFT_STANDARD_LIBRARIES = YES;
				BUNDLE_LOADER = "$(TEST_HOST)";
				DEVELOPMENT_TEAM = 72JD824VW8;
				INFOPLIST_FILE = XPlaneMapTests/Info.plist;
				LD_RUNPATH_SEARCH_PATHS = "$(inherited) @executable_path/Frameworks @loader_path/Frameworks";
				PRODUCT_BUNDLE_IDENTIFIER = fr.bernery.XPlaneMapTests;
				PRODUCT_NAME = "$(TARGET_NAME)";
				SWIFT_VERSION = 3.0;
				TEST_HOST = "$(BUILT_PRODUCTS_DIR)/XPlaneMap.app/XPlaneMap";
			};
			name = Debug;
		};
		82B611751F5347740088AC6B /* Release */ = {
			isa = XCBuildConfiguration;
			buildSettings = {
				ALWAYS_EMBED_SWIFT_STANDARD_LIBRARIES = YES;
				BUNDLE_LOADER = "$(TEST_HOST)";
				DEVELOPMENT_TEAM = 72JD824VW8;
				INFOPLIST_FILE = XPlaneMapTests/Info.plist;
				LD_RUNPATH_SEARCH_PATHS = "$(inherited) @executable_path/Frameworks @loader_path/Frameworks";
				PRODUCT_BUNDLE_IDENTIFIER = fr.bernery.XPlaneMapTests;
				PRODUCT_NAME = "$(TARGET_NAME)";
				SWIFT_VERSION = 3.0;
				TEST_HOST = "$(BUILT_PRODUCTS_DIR)/XPlaneMap.app/XPlaneMap";
			};
			name = Release;
		};
/* End XCBuildConfiguration section */

/* Begin XCConfigurationList section */
		82B6114E1F5347730088AC6B /* Build configuration list for PBXProject "XPlaneMap" */ = {
			isa = XCConfigurationList;
			buildConfigurations = (
				82B6116E1F5347740088AC6B /* Debug */,
				82B6116F1F5347740088AC6B /* Release */,
			);
			defaultConfigurationIsVisible = 0;
			defaultConfigurationName = Release;
		};
		82B611701F5347740088AC6B /* Build configuration list for PBXNativeTarget "XPlaneMap" */ = {
			isa = XCConfigurationList;
			buildConfigurations = (
				82B611711F5347740088AC6B /* Debug */,
				82B611721F5347740088AC6B /* Release */,
			);
			defaultConfigurationIsVisible = 0;
			defaultConfigurationName = Release;
		};
		82B611731F5347740088AC6B /* Build configuration list for PBXNativeTarget "XPlaneMapTests" */ = {
			isa = XCConfigurationList;
			buildConfigurations = (
				82B611741F5347740088AC6B /* Debug */,
				82B611751F5347740088AC6B /* Release */,
			);
			defaultConfigurationIsVisible = 0;
			defaultConfigurationName = Release;
		};
/* End XCConfigurationList section */
	};
	rootObject = 82B6114B1F5347730088AC6B /* Project object */;
}
